
Microsoft Visual Studio Solution File, Format Version 12.00
# Visual Studio 15
VisualStudioVersion = 15.0.27703.2018
MinimumVisualStudioVersion = 10.0.40219.1
Project("{FAE04EC0-301F-11D3-BF4B-00C04F79EFBC}") = "FrmProductos", "FrmProductos\FrmProductos.csproj", "{A1B23D40-40BA-4738-A11B-E1684D06D66B}"
EndProject
Global
	GlobalSection(SolutionConfigurationPlatforms) = preSolution
		Debug|Any CPU = Debug|Any CPU
		Release|Any CPU = Release|Any CPU
	EndGlobalSection
	GlobalSection(ProjectConfigurationPlatforms) = postSolution
		{A1B23D40-40BA-4738-A11B-E1684D06D66B}.Debug|Any CPU.ActiveCfg = Debug|Any CPU
		{A1B23D40-40BA-4738-A11B-E1684D06D66B}.Debug|Any CPU.Build.0 = Debug|Any CPU
		{A1B23D40-40BA-4738-A11B-E1684D06D66B}.Release|Any CPU.ActiveCfg = Release|Any CPU
		{A1B23D40-40BA-4738-A11B-E1684D06D66B}.Release|Any CPU.Build.0 = Release|Any CPU
	EndGlobalSection
	GlobalSection(SolutionProperties) = preSolution
		HideSolutionNode = FALSE
	EndGlobalSection
	GlobalSection(ExtensibilityGlobals) = postSolution
		SolutionGuid = {F90A0181-F613-431D-A60F-6C179A27E73B}
	EndGlobalSection
EndGlobal
